
Microsoft Visual Studio Solution File, Format Version 12.00
# Visual Studio 15
VisualStudioVersion = 15.0.27130.2036
MinimumVisualStudioVersion = 10.0.40219.1
Project("{2150E333-8FDC-42A3-9474-1A3956D46DE8}") = "src", "src", "{578E5A6C-786A-4042-8D40-21307EDFC9CA}"
EndProject
Project("{9092AA53-FB77-4645-B42D-1CCCA6BD08BD}") = "Ivy.Angular.Material.Pagination", "src\Ivy.Angular.Material.Pagination\Ivy.Angular.Material.Pagination.njsproj", "{656D95C5-E66E-4864-82AB-A93C98756B48}"
EndProject
Project("{9092AA53-FB77-4645-B42D-1CCCA6BD08BD}") = "Ivy.Angular.Material.LoadingSpinner", "src\Ivy.Angular.Material.LoadingSpinner\Ivy.Angular.Material.LoadingSpinner.njsproj", "{E0843185-1332-423C-A6CB-C6B2968646C5}"
EndProject
Project("{9092AA53-FB77-4645-B42D-1CCCA6BD08BD}") = "Ivy.Angular.Material.Helpers", "src\Ivy.Angular.Material.Helpers\Ivy.Angular.Material.Helpers.njsproj", "{AC9974CA-E50D-4550-BAD0-D4ACCFAF73BC}"
EndProject
Project("{9092AA53-FB77-4645-B42D-1CCCA6BD08BD}") = "Ivy.Angular.Material.FileUploader", "src\Ivy.Angular.Material.FileUploader\Ivy.Angular.Material.FileUploader.njsproj", "{165B6B6A-7DEB-46D3-992C-AEC7F1F7406B}"
EndProject
Project("{9092AA53-FB77-4645-B42D-1CCCA6BD08BD}") = "Ivy.Angular.Material.CounterIcon", "src\Ivy.Angular.Material.CounterIcon\Ivy.Angular.Material.CounterIcon.njsproj", "{387C9951-8967-4A41-940A-A8C6C6D72776}"
EndProject
Project("{9092AA53-FB77-4645-B42D-1CCCA6BD08BD}") = "Ivy.Angular.Material.PdfReader", "src\Ivy.Angular.Material.PdfReader\Ivy.Angular.Material.PdfReader.njsproj", "{C2D04118-869C-4F6A-A253-396EDF6558D7}"
EndProject
Project("{9092AA53-FB77-4645-B42D-1CCCA6BD08BD}") = "Ivy.Angular.Material.OkCancel", "src\Ivy.Angular.Material.OkCancel\Ivy.Angular.Material.OkCancel.njsproj", "{22C1A8A1-590A-4E84-AC24-4B5860E8714C}"
EndProject
Project("{2150E333-8FDC-42A3-9474-1A3956D46DE8}") = "ci", "ci", "{9366293E-C007-413C-A5AE-8ECF784C3169}"
	ProjectSection(SolutionItems) = preProject
		ci\test-proj.bash = ci\test-proj.bash
		ci\test-proj.cmd = ci\test-proj.cmd
	EndProjectSection
EndProject
Project("{9092AA53-FB77-4645-B42D-1CCCA6BD08BD}") = "Ivy.Angular.Material.StarRating", "src\Ivy.Angular.Material.StarRating\Ivy.Angular.Material.StarRating.njsproj", "{4B29B34E-17DB-48C5-B9FB-52860B0EF322}"
EndProject
Project("{9092AA53-FB77-4645-B42D-1CCCA6BD08BD}") = "Ivy.Angular.Material.YesNoNotSure", "src\Ivy.Angular.Material.YesNoNotSure\Ivy.Angular.Material.YesNoNotSure.njsproj", "{6AA51790-6F4F-40C6-86C0-15AAA1664FFF}"
EndProject
Project("{9092AA53-FB77-4645-B42D-1CCCA6BD08BD}") = "Ivy.Angular.Material.IconToggle", "src\Ivy.Angular.Material.IconToggle\Ivy.Angular.Material.IconToggle.njsproj", "{7ECEC564-740D-46C7-B139-207112B88F83}"
EndProject
Project("{9092AA53-FB77-4645-B42D-1CCCA6BD08BD}") = "Ivy.Angular.Material.SizedIcon", "src\Ivy.Angular.Material.SizedIcon\Ivy.Angular.Material.SizedIcon.njsproj", "{61904E15-112A-4189-9CC7-4693A98506AC}"
EndProject
Project("{9092AA53-FB77-4645-B42D-1CCCA6BD08BD}") = "Ivy.Angular.Material.DynamicSideNav", "src\Ivy.Angular.Material.DynamicSideNav\Ivy.Angular.Material.DynamicSideNav.njsproj", "{4367E867-0111-4014-8E27-B1255CF9ABB1}"
EndProject
Project("{9092AA53-FB77-4645-B42D-1CCCA6BD08BD}") = "Ivy.Angular.Material.ImageHrefInput", "src\Ivy.Angular.Material.ImageHrefInput\Ivy.Angular.Material.ImageHrefInput.njsproj", "{C6A78257-FA49-4A73-B7E6-4260AAF11471}"
EndProject
Project("{9092AA53-FB77-4645-B42D-1CCCA6BD08BD}") = "Ivy.Angular.Material.HelperDirectives", "src\Ivy.Angular.Material.HelperDirectives\Ivy.Angular.Material.HelperDirectives.njsproj", "{5E19C1B7-B541-44B3-9BC1-FF977569D2A8}"
EndProject
Project("{9092AA53-FB77-4645-B42D-1CCCA6BD08BD}") = "Ivy.Angular.Material.NotFound", "src\Ivy.Angular.Material.NotFound\Ivy.Angular.Material.NotFound.njsproj", "{A72824EB-F75E-4235-873D-A8160ABB34A4}"
EndProject
Global
	GlobalSection(SolutionConfigurationPlatforms) = preSolution
		Debug|Any CPU = Debug|Any CPU
		Release|Any CPU = Release|Any CPU
	EndGlobalSection
	GlobalSection(ProjectConfigurationPlatforms) = postSolution
		{656D95C5-E66E-4864-82AB-A93C98756B48}.Debug|Any CPU.ActiveCfg = Debug|Any CPU
		{656D95C5-E66E-4864-82AB-A93C98756B48}.Debug|Any CPU.Build.0 = Debug|Any CPU
		{656D95C5-E66E-4864-82AB-A93C98756B48}.Release|Any CPU.ActiveCfg = Release|Any CPU
		{656D95C5-E66E-4864-82AB-A93C98756B48}.Release|Any CPU.Build.0 = Release|Any CPU
		{E0843185-1332-423C-A6CB-C6B2968646C5}.Debug|Any CPU.ActiveCfg = Debug|Any CPU
		{E0843185-1332-423C-A6CB-C6B2968646C5}.Debug|Any CPU.Build.0 = Debug|Any CPU
		{E0843185-1332-423C-A6CB-C6B2968646C5}.Release|Any CPU.ActiveCfg = Release|Any CPU
		{E0843185-1332-423C-A6CB-C6B2968646C5}.Release|Any CPU.Build.0 = Release|Any CPU
		{AC9974CA-E50D-4550-BAD0-D4ACCFAF73BC}.Debug|Any CPU.ActiveCfg = Debug|Any CPU
		{AC9974CA-E50D-4550-BAD0-D4ACCFAF73BC}.Debug|Any CPU.Build.0 = Debug|Any CPU
		{AC9974CA-E50D-4550-BAD0-D4ACCFAF73BC}.Release|Any CPU.ActiveCfg = Release|Any CPU
		{AC9974CA-E50D-4550-BAD0-D4ACCFAF73BC}.Release|Any CPU.Build.0 = Release|Any CPU
		{165B6B6A-7DEB-46D3-992C-AEC7F1F7406B}.Debug|Any CPU.ActiveCfg = Debug|Any CPU
		{165B6B6A-7DEB-46D3-992C-AEC7F1F7406B}.Debug|Any CPU.Build.0 = Debug|Any CPU
		{165B6B6A-7DEB-46D3-992C-AEC7F1F7406B}.Release|Any CPU.ActiveCfg = Release|Any CPU
		{165B6B6A-7DEB-46D3-992C-AEC7F1F7406B}.Release|Any CPU.Build.0 = Release|Any CPU
		{387C9951-8967-4A41-940A-A8C6C6D72776}.Debug|Any CPU.ActiveCfg = Debug|Any CPU
		{387C9951-8967-4A41-940A-A8C6C6D72776}.Debug|Any CPU.Build.0 = Debug|Any CPU
		{387C9951-8967-4A41-940A-A8C6C6D72776}.Release|Any CPU.ActiveCfg = Release|Any CPU
		{387C9951-8967-4A41-940A-A8C6C6D72776}.Release|Any CPU.Build.0 = Release|Any CPU
		{C2D04118-869C-4F6A-A253-396EDF6558D7}.Debug|Any CPU.ActiveCfg = Debug|Any CPU
		{C2D04118-869C-4F6A-A253-396EDF6558D7}.Debug|Any CPU.Build.0 = Debug|Any CPU
		{C2D04118-869C-4F6A-A253-396EDF6558D7}.Release|Any CPU.ActiveCfg = Release|Any CPU
		{C2D04118-869C-4F6A-A253-396EDF6558D7}.Release|Any CPU.Build.0 = Release|Any CPU
		{22C1A8A1-590A-4E84-AC24-4B5860E8714C}.Debug|Any CPU.ActiveCfg = Debug|Any CPU
		{22C1A8A1-590A-4E84-AC24-4B5860E8714C}.Debug|Any CPU.Build.0 = Debug|Any CPU
		{22C1A8A1-590A-4E84-AC24-4B5860E8714C}.Release|Any CPU.ActiveCfg = Release|Any CPU
		{22C1A8A1-590A-4E84-AC24-4B5860E8714C}.Release|Any CPU.Build.0 = Release|Any CPU
		{4B29B34E-17DB-48C5-B9FB-52860B0EF322}.Debug|Any CPU.ActiveCfg = Debug|Any CPU
		{4B29B34E-17DB-48C5-B9FB-52860B0EF322}.Debug|Any CPU.Build.0 = Debug|Any CPU
		{4B29B34E-17DB-48C5-B9FB-52860B0EF322}.Release|Any CPU.ActiveCfg = Release|Any CPU
		{4B29B34E-17DB-48C5-B9FB-52860B0EF322}.Release|Any CPU.Build.0 = Release|Any CPU
		{6AA51790-6F4F-40C6-86C0-15AAA1664FFF}.Debug|Any CPU.ActiveCfg = Debug|Any CPU
		{6AA51790-6F4F-40C6-86C0-15AAA1664FFF}.Debug|Any CPU.Build.0 = Debug|Any CPU
		{6AA51790-6F4F-40C6-86C0-15AAA1664FFF}.Release|Any CPU.ActiveCfg = Release|Any CPU
		{6AA51790-6F4F-40C6-86C0-15AAA1664FFF}.Release|Any CPU.Build.0 = Release|Any CPU
		{7ECEC564-740D-46C7-B139-207112B88F83}.Debug|Any CPU.ActiveCfg = Debug|Any CPU
		{7ECEC564-740D-46C7-B139-207112B88F83}.Debug|Any CPU.Build.0 = Debug|Any CPU
		{7ECEC564-740D-46C7-B139-207112B88F83}.Release|Any CPU.ActiveCfg = Release|Any CPU
		{7ECEC564-740D-46C7-B139-207112B88F83}.Release|Any CPU.Build.0 = Release|Any CPU
		{61904E15-112A-4189-9CC7-4693A98506AC}.Debug|Any CPU.ActiveCfg = Debug|Any CPU
		{61904E15-112A-4189-9CC7-4693A98506AC}.Debug|Any CPU.Build.0 = Debug|Any CPU
		{61904E15-112A-4189-9CC7-4693A98506AC}.Release|Any CPU.ActiveCfg = Release|Any CPU
		{61904E15-112A-4189-9CC7-4693A98506AC}.Release|Any CPU.Build.0 = Release|Any CPU
		{4367E867-0111-4014-8E27-B1255CF9ABB1}.Debug|Any CPU.ActiveCfg = Debug|Any CPU
		{4367E867-0111-4014-8E27-B1255CF9ABB1}.Debug|Any CPU.Build.0 = Debug|Any CPU
		{4367E867-0111-4014-8E27-B1255CF9ABB1}.Release|Any CPU.ActiveCfg = Release|Any CPU
		{4367E867-0111-4014-8E27-B1255CF9ABB1}.Release|Any CPU.Build.0 = Release|Any CPU
		{C6A78257-FA49-4A73-B7E6-4260AAF11471}.Debug|Any CPU.ActiveCfg = Debug|Any CPU
		{C6A78257-FA49-4A73-B7E6-4260AAF11471}.Debug|Any CPU.Build.0 = Debug|Any CPU
		{C6A78257-FA49-4A73-B7E6-4260AAF11471}.Release|Any CPU.ActiveCfg = Release|Any CPU
		{C6A78257-FA49-4A73-B7E6-4260AAF11471}.Release|Any CPU.Build.0 = Release|Any CPU
		{5E19C1B7-B541-44B3-9BC1-FF977569D2A8}.Debug|Any CPU.ActiveCfg = Debug|Any CPU
		{5E19C1B7-B541-44B3-9BC1-FF977569D2A8}.Debug|Any CPU.Build.0 = Debug|Any CPU
		{5E19C1B7-B541-44B3-9BC1-FF977569D2A8}.Release|Any CPU.ActiveCfg = Release|Any CPU
		{5E19C1B7-B541-44B3-9BC1-FF977569D2A8}.Release|Any CPU.Build.0 = Release|Any CPU
		{A72824EB-F75E-4235-873D-A8160ABB34A4}.Debug|Any CPU.ActiveCfg = Debug|Any CPU
		{A72824EB-F75E-4235-873D-A8160ABB34A4}.Debug|Any CPU.Build.0 = Debug|Any CPU
		{A72824EB-F75E-4235-873D-A8160ABB34A4}.Release|Any CPU.ActiveCfg = Release|Any CPU
		{A72824EB-F75E-4235-873D-A8160ABB34A4}.Release|Any CPU.Build.0 = Release|Any CPU
	EndGlobalSection
	GlobalSection(SolutionProperties) = preSolution
		HideSolutionNode = FALSE
	EndGlobalSection
	GlobalSection(NestedProjects) = preSolution
		{656D95C5-E66E-4864-82AB-A93C98756B48} = {578E5A6C-786A-4042-8D40-21307EDFC9CA}
		{E0843185-1332-423C-A6CB-C6B2968646C5} = {578E5A6C-786A-4042-8D40-21307EDFC9CA}
		{AC9974CA-E50D-4550-BAD0-D4ACCFAF73BC} = {578E5A6C-786A-4042-8D40-21307EDFC9CA}
		{165B6B6A-7DEB-46D3-992C-AEC7F1F7406B} = {578E5A6C-786A-4042-8D40-21307EDFC9CA}
		{387C9951-8967-4A41-940A-A8C6C6D72776} = {578E5A6C-786A-4042-8D40-21307EDFC9CA}
		{C2D04118-869C-4F6A-A253-396EDF6558D7} = {578E5A6C-786A-4042-8D40-21307EDFC9CA}
		{22C1A8A1-590A-4E84-AC24-4B5860E8714C} = {578E5A6C-786A-4042-8D40-21307EDFC9CA}
		{4B29B34E-17DB-48C5-B9FB-52860B0EF322} = {578E5A6C-786A-4042-8D40-21307EDFC9CA}
		{6AA51790-6F4F-40C6-86C0-15AAA1664FFF} = {578E5A6C-786A-4042-8D40-21307EDFC9CA}
		{7ECEC564-740D-46C7-B139-207112B88F83} = {578E5A6C-786A-4042-8D40-21307EDFC9CA}
		{61904E15-112A-4189-9CC7-4693A98506AC} = {578E5A6C-786A-4042-8D40-21307EDFC9CA}
		{4367E867-0111-4014-8E27-B1255CF9ABB1} = {578E5A6C-786A-4042-8D40-21307EDFC9CA}
		{C6A78257-FA49-4A73-B7E6-4260AAF11471} = {578E5A6C-786A-4042-8D40-21307EDFC9CA}
		{5E19C1B7-B541-44B3-9BC1-FF977569D2A8} = {578E5A6C-786A-4042-8D40-21307EDFC9CA}
		{A72824EB-F75E-4235-873D-A8160ABB34A4} = {578E5A6C-786A-4042-8D40-21307EDFC9CA}
	EndGlobalSection
	GlobalSection(ExtensibilityGlobals) = postSolution
		SolutionGuid = {179B2D41-C7AA-49E0-AE4D-2F5AA4B6D9E7}
	EndGlobalSection
EndGlobal
