
Microsoft Visual Studio Solution File, Format Version 12.00
# Visual Studio 15
VisualStudioVersion = 15.0.27130.2036
MinimumVisualStudioVersion = 10.0.40219.1
Project("{2150E333-8FDC-42A3-9474-1A3956D46DE8}") = "src", "src", "{578E5A6C-786A-4042-8D40-21307EDFC9CA}"
EndProject
Project("{9092AA53-FB77-4645-B42D-1CCCA6BD08BD}") = "Ivy.Angular.ValueHelpers", "src\Ivy.Angular.ValueHelpers\Ivy.Angular.ValueHelpers.njsproj", "{D7BA7429-2887-4332-9B09-AF3C8A1F64EB}"
EndProject
Project("{9092AA53-FB77-4645-B42D-1CCCA6BD08BD}") = "Ivy.Angular.Web", "src\Ivy.Angular.Web\Ivy.Angular.Web.njsproj", "{399CAFE4-2FEE-40AE-BE3C-5DD17F4A6F4D}"
EndProject
Project("{9092AA53-FB77-4645-B42D-1CCCA6BD08BD}") = "Ivy.Angular.PayPal", "src\Ivy.Angular.PayPal\Ivy.Angular.PayPal.njsproj", "{56DACF70-E1FB-4AB3-BD94-9D87A95BDAB1}"
EndProject
Project("{9092AA53-FB77-4645-B42D-1CCCA6BD08BD}") = "Ivy.Angular.Auth0", "src\Ivy.Angular.Auth0\Ivy.Angular.Auth0.njsproj", "{92EC26AA-8F63-48A0-8D09-A7A9C93F1DC7}"
EndProject
Project("{9092AA53-FB77-4645-B42D-1CCCA6BD08BD}") = "Ivy.Angular.Data", "src\Ivy.Angular.Data\Ivy.Angular.Data.njsproj", "{EF57AD8E-B589-4E4E-BBBE-0541289436A5}"
EndProject
Project("{9092AA53-FB77-4645-B42D-1CCCA6BD08BD}") = "Ivy.Angular.Material.Pagination", "src\Ivy.Angular.Material.Pagination\Ivy.Angular.Material.Pagination.njsproj", "{656D95C5-E66E-4864-82AB-A93C98756B48}"
EndProject
Project("{9092AA53-FB77-4645-B42D-1CCCA6BD08BD}") = "Ivy.Angular.TestHelpers", "src\Ivy.Angular.TestHelpers\Ivy.Angular.TestHelpers.njsproj", "{DA7156F8-2897-4775-8D69-3A1417DD8FB1}"
EndProject
Project("{9092AA53-FB77-4645-B42D-1CCCA6BD08BD}") = "Ivy.Angular.Caching", "src\Ivy.Angular.Caching\Ivy.Angular.Caching.njsproj", "{87E75B94-34A3-4832-8458-B6774EF84669}"
EndProject
Project("{9092AA53-FB77-4645-B42D-1CCCA6BD08BD}") = "Ivy.Angular.Pagination", "src\Ivy.Angular.Pagination\Ivy.Angular.Pagination.njsproj", "{E269E574-89B4-4EAE-BF39-84AFD5147560}"
EndProject
Project("{9092AA53-FB77-4645-B42D-1CCCA6BD08BD}") = "Ivy.Angular.Material.LoadingSpinner", "src\Ivy.Angular.Material.LoadingSpinner\Ivy.Angular.Material.LoadingSpinner.njsproj", "{E0843185-1332-423C-A6CB-C6B2968646C5}"
EndProject
Project("{9092AA53-FB77-4645-B42D-1CCCA6BD08BD}") = "Ivy.Angular.Material.Helpers", "src\Ivy.Angular.Material.Helpers\Ivy.Angular.Material.Helpers.njsproj", "{AC9974CA-E50D-4550-BAD0-D4ACCFAF73BC}"
EndProject
Project("{9092AA53-FB77-4645-B42D-1CCCA6BD08BD}") = "Ivy.Angular.AnimationHelpers", "src\Ivy.Angular.AnimationHelpers\Ivy.Angular.AnimationHelpers.njsproj", "{E45D9B81-5D03-42FE-AC4B-D53DCFC8D9DB}"
EndProject
Project("{9092AA53-FB77-4645-B42D-1CCCA6BD08BD}") = "Ivy.Angular.CollapsiblePanel", "src\Ivy.Angular.CollapsiblePanel\Ivy.Angular.CollapsiblePanel.njsproj", "{EA6E5BE9-8D87-47D8-A8C9-5DA77A8AF245}"
EndProject
Project("{9092AA53-FB77-4645-B42D-1CCCA6BD08BD}") = "Ivy.Angular.HtmlDisplay", "src\Ivy.Angular.HtmlDisplay\Ivy.Angular.HtmlDisplay.njsproj", "{E29C7147-D736-4B6D-B11D-E977C66E3000}"
EndProject
Project("{9092AA53-FB77-4645-B42D-1CCCA6BD08BD}") = "Ivy.Angular.Material.FileUploader", "src\Ivy.Angular.Material.FileUploader\Ivy.Angular.Material.FileUploader.njsproj", "{165B6B6A-7DEB-46D3-992C-AEC7F1F7406B}"
EndProject
Project("{2150E333-8FDC-42A3-9474-1A3956D46DE8}") = "yeoman", "yeoman", "{C3E021A3-5284-435B-8AC4-7C1288847AD0}"
EndProject
Project("{9092AA53-FB77-4645-B42D-1CCCA6BD08BD}") = "Ivy.Angular.DynamicIFrame", "src\Ivy.Angular.DynamicIFrame\Ivy.Angular.DynamicIFrame.njsproj", "{7ECEC564-740D-46C7-B139-207112B88F83}"
EndProject
Project("{9092AA53-FB77-4645-B42D-1CCCA6BD08BD}") = "Ivy.Angular.Yeoman", "yeoman\Ivy.Angular.Yeoman\Ivy.Angular.Yeoman.njsproj", "{F148B7DC-0B61-4E25-8495-B60770332042}"
EndProject
Project("{9092AA53-FB77-4645-B42D-1CCCA6BD08BD}") = "Ivy.Angular.DraggingSortOrder", "src\Ivy.Angular.DraggingSortOrder\Ivy.Angular.DraggingSortOrder.njsproj", "{7F68C26B-B094-42D3-A3E7-B6DDA1FC2CA7}"
EndProject
Project("{9092AA53-FB77-4645-B42D-1CCCA6BD08BD}") = "Ivy.Angular.FullImage", "src\Ivy.Angular.FullImage\Ivy.Angular.FullImage.njsproj", "{F4B146AA-DEE8-4970-968F-7323F75DD3EE}"
EndProject
Project("{9092AA53-FB77-4645-B42D-1CCCA6BD08BD}") = "Ivy.Angular.Material.CounterIcon", "src\Ivy.Angular.Material.CounterIcon\Ivy.Angular.Material.CounterIcon.njsproj", "{387C9951-8967-4A41-940A-A8C6C6D72776}"
EndProject
Project("{9092AA53-FB77-4645-B42D-1CCCA6BD08BD}") = "Ivy.Angular.Material.PdfReader", "src\Ivy.Angular.Material.PdfReader\Ivy.Angular.Material.PdfReader.njsproj", "{C2D04118-869C-4F6A-A253-396EDF6558D7}"
EndProject
Global
	GlobalSection(SolutionConfigurationPlatforms) = preSolution
		Debug|Any CPU = Debug|Any CPU
		Release|Any CPU = Release|Any CPU
	EndGlobalSection
	GlobalSection(ProjectConfigurationPlatforms) = postSolution
		{D7BA7429-2887-4332-9B09-AF3C8A1F64EB}.Debug|Any CPU.ActiveCfg = Debug|Any CPU
		{D7BA7429-2887-4332-9B09-AF3C8A1F64EB}.Debug|Any CPU.Build.0 = Debug|Any CPU
		{D7BA7429-2887-4332-9B09-AF3C8A1F64EB}.Release|Any CPU.ActiveCfg = Release|Any CPU
		{D7BA7429-2887-4332-9B09-AF3C8A1F64EB}.Release|Any CPU.Build.0 = Release|Any CPU
		{399CAFE4-2FEE-40AE-BE3C-5DD17F4A6F4D}.Debug|Any CPU.ActiveCfg = Debug|Any CPU
		{399CAFE4-2FEE-40AE-BE3C-5DD17F4A6F4D}.Debug|Any CPU.Build.0 = Debug|Any CPU
		{399CAFE4-2FEE-40AE-BE3C-5DD17F4A6F4D}.Release|Any CPU.ActiveCfg = Release|Any CPU
		{399CAFE4-2FEE-40AE-BE3C-5DD17F4A6F4D}.Release|Any CPU.Build.0 = Release|Any CPU
		{56DACF70-E1FB-4AB3-BD94-9D87A95BDAB1}.Debug|Any CPU.ActiveCfg = Debug|Any CPU
		{56DACF70-E1FB-4AB3-BD94-9D87A95BDAB1}.Debug|Any CPU.Build.0 = Debug|Any CPU
		{56DACF70-E1FB-4AB3-BD94-9D87A95BDAB1}.Release|Any CPU.ActiveCfg = Release|Any CPU
		{56DACF70-E1FB-4AB3-BD94-9D87A95BDAB1}.Release|Any CPU.Build.0 = Release|Any CPU
		{92EC26AA-8F63-48A0-8D09-A7A9C93F1DC7}.Debug|Any CPU.ActiveCfg = Debug|Any CPU
		{92EC26AA-8F63-48A0-8D09-A7A9C93F1DC7}.Debug|Any CPU.Build.0 = Debug|Any CPU
		{92EC26AA-8F63-48A0-8D09-A7A9C93F1DC7}.Release|Any CPU.ActiveCfg = Release|Any CPU
		{92EC26AA-8F63-48A0-8D09-A7A9C93F1DC7}.Release|Any CPU.Build.0 = Release|Any CPU
		{EF57AD8E-B589-4E4E-BBBE-0541289436A5}.Debug|Any CPU.ActiveCfg = Debug|Any CPU
		{EF57AD8E-B589-4E4E-BBBE-0541289436A5}.Debug|Any CPU.Build.0 = Debug|Any CPU
		{EF57AD8E-B589-4E4E-BBBE-0541289436A5}.Release|Any CPU.ActiveCfg = Release|Any CPU
		{EF57AD8E-B589-4E4E-BBBE-0541289436A5}.Release|Any CPU.Build.0 = Release|Any CPU
		{656D95C5-E66E-4864-82AB-A93C98756B48}.Debug|Any CPU.ActiveCfg = Debug|Any CPU
		{656D95C5-E66E-4864-82AB-A93C98756B48}.Debug|Any CPU.Build.0 = Debug|Any CPU
		{656D95C5-E66E-4864-82AB-A93C98756B48}.Release|Any CPU.ActiveCfg = Release|Any CPU
		{656D95C5-E66E-4864-82AB-A93C98756B48}.Release|Any CPU.Build.0 = Release|Any CPU
		{DA7156F8-2897-4775-8D69-3A1417DD8FB1}.Debug|Any CPU.ActiveCfg = Debug|Any CPU
		{DA7156F8-2897-4775-8D69-3A1417DD8FB1}.Debug|Any CPU.Build.0 = Debug|Any CPU
		{DA7156F8-2897-4775-8D69-3A1417DD8FB1}.Release|Any CPU.ActiveCfg = Release|Any CPU
		{DA7156F8-2897-4775-8D69-3A1417DD8FB1}.Release|Any CPU.Build.0 = Release|Any CPU
		{87E75B94-34A3-4832-8458-B6774EF84669}.Debug|Any CPU.ActiveCfg = Debug|Any CPU
		{87E75B94-34A3-4832-8458-B6774EF84669}.Debug|Any CPU.Build.0 = Debug|Any CPU
		{87E75B94-34A3-4832-8458-B6774EF84669}.Release|Any CPU.ActiveCfg = Release|Any CPU
		{87E75B94-34A3-4832-8458-B6774EF84669}.Release|Any CPU.Build.0 = Release|Any CPU
		{E269E574-89B4-4EAE-BF39-84AFD5147560}.Debug|Any CPU.ActiveCfg = Debug|Any CPU
		{E269E574-89B4-4EAE-BF39-84AFD5147560}.Debug|Any CPU.Build.0 = Debug|Any CPU
		{E269E574-89B4-4EAE-BF39-84AFD5147560}.Release|Any CPU.ActiveCfg = Release|Any CPU
		{E269E574-89B4-4EAE-BF39-84AFD5147560}.Release|Any CPU.Build.0 = Release|Any CPU
		{E0843185-1332-423C-A6CB-C6B2968646C5}.Debug|Any CPU.ActiveCfg = Debug|Any CPU
		{E0843185-1332-423C-A6CB-C6B2968646C5}.Debug|Any CPU.Build.0 = Debug|Any CPU
		{E0843185-1332-423C-A6CB-C6B2968646C5}.Release|Any CPU.ActiveCfg = Release|Any CPU
		{E0843185-1332-423C-A6CB-C6B2968646C5}.Release|Any CPU.Build.0 = Release|Any CPU
		{AC9974CA-E50D-4550-BAD0-D4ACCFAF73BC}.Debug|Any CPU.ActiveCfg = Debug|Any CPU
		{AC9974CA-E50D-4550-BAD0-D4ACCFAF73BC}.Debug|Any CPU.Build.0 = Debug|Any CPU
		{AC9974CA-E50D-4550-BAD0-D4ACCFAF73BC}.Release|Any CPU.ActiveCfg = Release|Any CPU
		{AC9974CA-E50D-4550-BAD0-D4ACCFAF73BC}.Release|Any CPU.Build.0 = Release|Any CPU
		{E45D9B81-5D03-42FE-AC4B-D53DCFC8D9DB}.Debug|Any CPU.ActiveCfg = Debug|Any CPU
		{E45D9B81-5D03-42FE-AC4B-D53DCFC8D9DB}.Debug|Any CPU.Build.0 = Debug|Any CPU
		{E45D9B81-5D03-42FE-AC4B-D53DCFC8D9DB}.Release|Any CPU.ActiveCfg = Release|Any CPU
		{E45D9B81-5D03-42FE-AC4B-D53DCFC8D9DB}.Release|Any CPU.Build.0 = Release|Any CPU
		{EA6E5BE9-8D87-47D8-A8C9-5DA77A8AF245}.Debug|Any CPU.ActiveCfg = Debug|Any CPU
		{EA6E5BE9-8D87-47D8-A8C9-5DA77A8AF245}.Debug|Any CPU.Build.0 = Debug|Any CPU
		{EA6E5BE9-8D87-47D8-A8C9-5DA77A8AF245}.Release|Any CPU.ActiveCfg = Release|Any CPU
		{EA6E5BE9-8D87-47D8-A8C9-5DA77A8AF245}.Release|Any CPU.Build.0 = Release|Any CPU
		{E29C7147-D736-4B6D-B11D-E977C66E3000}.Debug|Any CPU.ActiveCfg = Debug|Any CPU
		{E29C7147-D736-4B6D-B11D-E977C66E3000}.Debug|Any CPU.Build.0 = Debug|Any CPU
		{E29C7147-D736-4B6D-B11D-E977C66E3000}.Release|Any CPU.ActiveCfg = Release|Any CPU
		{E29C7147-D736-4B6D-B11D-E977C66E3000}.Release|Any CPU.Build.0 = Release|Any CPU
		{165B6B6A-7DEB-46D3-992C-AEC7F1F7406B}.Debug|Any CPU.ActiveCfg = Debug|Any CPU
		{165B6B6A-7DEB-46D3-992C-AEC7F1F7406B}.Debug|Any CPU.Build.0 = Debug|Any CPU
		{165B6B6A-7DEB-46D3-992C-AEC7F1F7406B}.Release|Any CPU.ActiveCfg = Release|Any CPU
		{165B6B6A-7DEB-46D3-992C-AEC7F1F7406B}.Release|Any CPU.Build.0 = Release|Any CPU
		{7ECEC564-740D-46C7-B139-207112B88F83}.Debug|Any CPU.ActiveCfg = Debug|Any CPU
		{7ECEC564-740D-46C7-B139-207112B88F83}.Debug|Any CPU.Build.0 = Debug|Any CPU
		{7ECEC564-740D-46C7-B139-207112B88F83}.Release|Any CPU.ActiveCfg = Release|Any CPU
		{7ECEC564-740D-46C7-B139-207112B88F83}.Release|Any CPU.Build.0 = Release|Any CPU
		{F148B7DC-0B61-4E25-8495-B60770332042}.Debug|Any CPU.ActiveCfg = Debug|Any CPU
		{F148B7DC-0B61-4E25-8495-B60770332042}.Debug|Any CPU.Build.0 = Debug|Any CPU
		{F148B7DC-0B61-4E25-8495-B60770332042}.Release|Any CPU.ActiveCfg = Release|Any CPU
		{F148B7DC-0B61-4E25-8495-B60770332042}.Release|Any CPU.Build.0 = Release|Any CPU
		{7F68C26B-B094-42D3-A3E7-B6DDA1FC2CA7}.Debug|Any CPU.ActiveCfg = Debug|Any CPU
		{7F68C26B-B094-42D3-A3E7-B6DDA1FC2CA7}.Debug|Any CPU.Build.0 = Debug|Any CPU
		{7F68C26B-B094-42D3-A3E7-B6DDA1FC2CA7}.Release|Any CPU.ActiveCfg = Release|Any CPU
		{7F68C26B-B094-42D3-A3E7-B6DDA1FC2CA7}.Release|Any CPU.Build.0 = Release|Any CPU
		{F4B146AA-DEE8-4970-968F-7323F75DD3EE}.Debug|Any CPU.ActiveCfg = Debug|Any CPU
		{F4B146AA-DEE8-4970-968F-7323F75DD3EE}.Debug|Any CPU.Build.0 = Debug|Any CPU
		{F4B146AA-DEE8-4970-968F-7323F75DD3EE}.Release|Any CPU.ActiveCfg = Release|Any CPU
		{F4B146AA-DEE8-4970-968F-7323F75DD3EE}.Release|Any CPU.Build.0 = Release|Any CPU
		{387C9951-8967-4A41-940A-A8C6C6D72776}.Debug|Any CPU.ActiveCfg = Debug|Any CPU
		{387C9951-8967-4A41-940A-A8C6C6D72776}.Debug|Any CPU.Build.0 = Debug|Any CPU
		{387C9951-8967-4A41-940A-A8C6C6D72776}.Release|Any CPU.ActiveCfg = Release|Any CPU
		{387C9951-8967-4A41-940A-A8C6C6D72776}.Release|Any CPU.Build.0 = Release|Any CPU
		{C2D04118-869C-4F6A-A253-396EDF6558D7}.Debug|Any CPU.ActiveCfg = Debug|Any CPU
		{C2D04118-869C-4F6A-A253-396EDF6558D7}.Debug|Any CPU.Build.0 = Debug|Any CPU
		{C2D04118-869C-4F6A-A253-396EDF6558D7}.Release|Any CPU.ActiveCfg = Release|Any CPU
		{C2D04118-869C-4F6A-A253-396EDF6558D7}.Release|Any CPU.Build.0 = Release|Any CPU
	EndGlobalSection
	GlobalSection(SolutionProperties) = preSolution
		HideSolutionNode = FALSE
	EndGlobalSection
	GlobalSection(NestedProjects) = preSolution
		{D7BA7429-2887-4332-9B09-AF3C8A1F64EB} = {578E5A6C-786A-4042-8D40-21307EDFC9CA}
		{399CAFE4-2FEE-40AE-BE3C-5DD17F4A6F4D} = {578E5A6C-786A-4042-8D40-21307EDFC9CA}
		{56DACF70-E1FB-4AB3-BD94-9D87A95BDAB1} = {578E5A6C-786A-4042-8D40-21307EDFC9CA}
		{92EC26AA-8F63-48A0-8D09-A7A9C93F1DC7} = {578E5A6C-786A-4042-8D40-21307EDFC9CA}
		{EF57AD8E-B589-4E4E-BBBE-0541289436A5} = {578E5A6C-786A-4042-8D40-21307EDFC9CA}
		{656D95C5-E66E-4864-82AB-A93C98756B48} = {578E5A6C-786A-4042-8D40-21307EDFC9CA}
		{DA7156F8-2897-4775-8D69-3A1417DD8FB1} = {578E5A6C-786A-4042-8D40-21307EDFC9CA}
		{87E75B94-34A3-4832-8458-B6774EF84669} = {578E5A6C-786A-4042-8D40-21307EDFC9CA}
		{E269E574-89B4-4EAE-BF39-84AFD5147560} = {578E5A6C-786A-4042-8D40-21307EDFC9CA}
		{E0843185-1332-423C-A6CB-C6B2968646C5} = {578E5A6C-786A-4042-8D40-21307EDFC9CA}
		{AC9974CA-E50D-4550-BAD0-D4ACCFAF73BC} = {578E5A6C-786A-4042-8D40-21307EDFC9CA}
		{E45D9B81-5D03-42FE-AC4B-D53DCFC8D9DB} = {578E5A6C-786A-4042-8D40-21307EDFC9CA}
		{EA6E5BE9-8D87-47D8-A8C9-5DA77A8AF245} = {578E5A6C-786A-4042-8D40-21307EDFC9CA}
		{E29C7147-D736-4B6D-B11D-E977C66E3000} = {578E5A6C-786A-4042-8D40-21307EDFC9CA}
		{165B6B6A-7DEB-46D3-992C-AEC7F1F7406B} = {578E5A6C-786A-4042-8D40-21307EDFC9CA}
		{7ECEC564-740D-46C7-B139-207112B88F83} = {578E5A6C-786A-4042-8D40-21307EDFC9CA}
		{F148B7DC-0B61-4E25-8495-B60770332042} = {C3E021A3-5284-435B-8AC4-7C1288847AD0}
		{7F68C26B-B094-42D3-A3E7-B6DDA1FC2CA7} = {578E5A6C-786A-4042-8D40-21307EDFC9CA}
		{F4B146AA-DEE8-4970-968F-7323F75DD3EE} = {578E5A6C-786A-4042-8D40-21307EDFC9CA}
		{387C9951-8967-4A41-940A-A8C6C6D72776} = {578E5A6C-786A-4042-8D40-21307EDFC9CA}
		{C2D04118-869C-4F6A-A253-396EDF6558D7} = {578E5A6C-786A-4042-8D40-21307EDFC9CA}
	EndGlobalSection
	GlobalSection(ExtensibilityGlobals) = postSolution
		SolutionGuid = {179B2D41-C7AA-49E0-AE4D-2F5AA4B6D9E7}
	EndGlobalSection
EndGlobal
